github.com/gohugoio/hugo-mod-jslibs-dist/popperjs/v2 v2.21100.20000 h1:GZxx4Hc+yb0/t3/rau1j8XlAxLE4CyXns2fqQbyqWfs=
github.com/gohugoio/hugo-mod-jslibs-dist/popperjs/v2 v2.21100.20000/go.mod h1:mFberT6ZtcchrsDtfvJM7aAH2bDKLdOnruUHl0hlapI=
github.com/hbstack/hb v0.3.0 h1:GKsRjWEDh9pIZX4SMkopLC86RTzGQd2FSXXBof91lDQ=
github.com/hbstack/hb v0.3.0/go.mod h1:37E1uTMQx1Hix+VdwlWkW74fi3ct5+KlCCBywv9l3Ac=
github.com/hbstack/hb v0.4.0/go.mod h1:37E1uTMQx1Hix+VdwlWkW74fi3ct5+KlCCBywv9l3Ac=
github.com/hbstack/hb v0.5.0/go.mod h1:37E1uTMQx1Hix+VdwlWkW74fi3ct5+KlCCBywv9l3Ac=
github.com/hbstack/hb v0.5.1/go.mod h1:qlNnPNO1MRsrxxDvFMz98DMFafaBgvtAfBYiteR3i1A=
github.com/hbstack/hb v0.5.2/go.mod h1:S/08mx1tK6yxjQIkSqvpqG8HrBzMBDJq1WC5QjXW9p0=
github.com/hugomods/icons v0.6.0 h1:G6RU93okhPPRDh/jqcew9gwkcYpSpg0rCBv4S6yUAFw=
github.com/hugomods/icons/vendors/bootstrap v0.4.1 h1:E6yhi52RF2M7p7Z3nuubf77YC9PSUbWDAtqNFK4TfXE=
github.com/hugomods/icons/vendors/bootstrap v0.4.1/go.mod h1:3fXUsXdGZa+f31OEKUMDGsrCq1XZwhLvUys8XT63AZM=
github.com/hugomods/icons/vendors/bootstrap v0.5.0/go.mod h1:kfC17VWV+tNi6PGF4AY7CJBBa1/HEgWxCYq2kNOdcdI=
