github.com/gohugoio/hugo-mod-bootstrap-scss/v5 v5.20300.20001 h1:xkJJPlzmGxKitnbJHlm7ARK7OJvWsglcM0FbzHS2Neg=
github.com/gohugoio/hugo-mod-bootstrap-scss/v5 v5.20300.20001/go.mod h1:QKCtI6xnS1xr+zaQyVR8KF4Ec1UvErhvsazehZj/MlI=
github.com/gohugoio/hugo-mod-bootstrap-scss/v5 v5.20300.20002/go.mod h1:Q6TrjM78wB13zkOMBSV4IZIZ54tbshmE2fem9CYx2pU=
github.com/gohugoio/hugo-mod-jslibs-dist/popperjs/v2 v2.21100.20000/go.mod h1:mFberT6ZtcchrsDtfvJM7aAH2bDKLdOnruUHl0hlapI=
github.com/hbstack/header v0.1.8 h1:xOYwg7odpTu7Ba/ly6s690JaSPu95V8R3XRI5Guie54=
github.com/hbstack/header v0.1.8/go.mod h1:GTEtmH6u2C2gaJoadFE41yBqo1vH6r9Zu5AJYXx4U48=
github.com/hbstack/header v0.1.9/go.mod h1:GTEtmH6u2C2gaJoadFE41yBqo1vH6r9Zu5AJYXx4U48=
github.com/hbstack/header v0.1.10/go.mod h1:GTEtmH6u2C2gaJoadFE41yBqo1vH6r9Zu5AJYXx4U48=
github.com/hbstack/search v0.1.5 h1:Hbo1LLoWz1X1iUJZGlIA7AkeOTJNogEn6VYhyUobIAM=
github.com/hbstack/search v0.1.5/go.mod h1:2qmGYFzob/5rwI3i+I7gC0gjRyj+AULMWyvSpmojFNE=
github.com/hbstack/search v0.1.6/go.mod h1:v4WaUf76Aw2hl0YD5MKlSHaTUH/vdP/3z5v3MVxjyJM=
github.com/hugomods/base v0.1.0 h1:3o9Y85BvXHjkYzZfswM/EtthQ8GOYKN8aXHkIWqu3/8=
github.com/hugomods/base v0.1.0/go.mod h1:hnWCPbVxuhXBwdFax3mmbMlWKmIo/7OP36MCLOyHtT4=
github.com/hugomods/hugopress v0.1.0 h1:qktwbSWtbrEz/nX2wBmxDLzzS4o6/rjp7p0GWcOZ+PU=
github.com/hugomods/hugopress v0.1.0/go.mod h1:CRYvr60xOkZOf4Atkuj+uEj2EH5pjJ39Ws3aJAkoMkA=
github.com/hugomods/icons v0.6.0 h1:G6RU93okhPPRDh/jqcew9gwkcYpSpg0rCBv4S6yUAFw=
github.com/hugomods/icons v0.6.0/go.mod h1:cIkSvK6W0q6N4U6n9KGz+QfRWQXAW0INd+1P31gPNGg=
github.com/hugomods/search v0.1.0 h1:a1Mv17JY2zkd2gpTF9hdEXvKPJvMdWYqfT0RP4jdLLQ=
github.com/hugomods/search v0.1.0/go.mod h1:CtE2vosGhBCUADzSEHYf2VPJbm3SQegtC/VYZSlDT7c=
github.com/hugomods/search v0.1.1/go.mod h1:CtE2vosGhBCUADzSEHYf2VPJbm3SQegtC/VYZSlDT7c=
github.com/krisk/Fuse v6.6.2+incompatible h1:laigOpZFs/xUi9zGjVu5t19bcvzRVufoXCnPSgQZmYI=
github.com/krisk/Fuse v6.6.2+incompatible/go.mod h1:3moWv8rDjwoKic9nwiPLgZjldkbdTAbtzJHCu/Vsj4A=
github.com/twbs/bootstrap v5.3.0-alpha2+incompatible/go.mod h1:fZTSrkpSf0/HkL0IIJzvVspTt1r9zuf7XlZau8kpcY0=
github.com/twbs/bootstrap v5.3.0-alpha3+incompatible/go.mod h1:fZTSrkpSf0/HkL0IIJzvVspTt1r9zuf7XlZau8kpcY0=
github.com/twbs/icons v1.10.3 h1:8i0wcDkk04KXd2ofLtMHUERkA5OkrpAzDyBVv/PJaL0=
github.com/twbs/icons v1.10.3/go.mod h1:GnRlymgVWp5iVJCMa0Me5b6tFyGpVc2bSxPMRGIJmyA=
github.com/twbs/icons v1.10.4/go.mod h1:GnRlymgVWp5iVJCMa0Me5b6tFyGpVc2bSxPMRGIJmyA=
